{
    "_readme": [
        "This file locks the dependencies of your project to a known state",
        "Read more about it at http://getcomposer.org/doc/01-basic-usage.md#composer-lock-the-lock-file"
    ],
    "hash": "8d0896610ca2c15d61d86e04d2c6e2a7",
    "packages": [
        {
            "name": "anthonymartin/geo-location",
            "version": "dev-master",
            "source": {
                "type": "git",
                "url": "https://github.com/anthonymartin/GeoLocation.class.php.git",
                "reference": "8b192ec2717d0dfc6bc95aeff9e81b54e8eae0f7"
            },
            "dist": {
                "type": "zip",
                "url": "https://api.github.com/repos/anthonymartin/GeoLocation.class.php/zipball/8b192ec2717d0dfc6bc95aeff9e81b54e8eae0f7",
                "reference": "8b192ec2717d0dfc6bc95aeff9e81b54e8eae0f7",
                "shasum": ""
            },
            "require": {
                "php": ">=5.3.0"
            },
            "type": "class",
            "autoload": {
                "psr-0": {
                    "anthonymartin": "src/AnthonyMartin"
                }
            },
            "notification-url": "https://packagist.org/downloads/",
            "license": [
                "CC 3.0"
            ],
            "authors": [
                {
                    "name": "Anthony Martin",
                    "email": "anthony@replaycreative.com",
                    "homepage": "http://replaycreative.com",
                    "role": "Developer"
                }
            ],
            "description": "Retrieve bounding coordinates, distances, longitude and latitude with GeoLocation.class.php",
            "homepage": "https://github.com/anthonymartin/GeoLocation.class.php",
            "keywords": [
                "bounding coordinates",
                "distances",
                "geocoding",
                "geolocation"
            ],
            "time": "2013-02-24 16:44:05"
        },
        {
            "name": "philippfrenzel/yii2elfinder",
            "version": "dev-master",
            "source": {
                "type": "git",
                "url": "https://github.com/philippfrenzel/yii2elfinder.git",
                "reference": "0f33747b92ec9d2b1b0a03fe66ccc48f215b4dda"
            },
            "dist": {
                "type": "zip",
                "url": "https://api.github.com/repos/philippfrenzel/yii2elfinder/zipball/0f33747b92ec9d2b1b0a03fe66ccc48f215b4dda",
                "reference": "0f33747b92ec9d2b1b0a03fe66ccc48f215b4dda",
                "shasum": ""
            },
            "require": {
                "yiisoft/yii2": "*"
            },
            "type": "library",
            "autoload": {
                "psr-0": {
                    "yii2elfinder\\": "/"
                }
            },
            "notification-url": "https://packagist.org/downloads/",
            "license": [
                "BSD-3-Clause"
            ],
            "authors": [
                {
                    "name": "Philipp Frenzel",
                    "email": "philipp@frenzel.net",
                    "homepage": "http://www.frenzel.net/",
                    "role": "Author Version Yii2"
                },
                {
                    "name": "Bodgan Savluk",
                    "role": "Created Version Yii"
                }
            ],
            "description": "Yii2 elfinder Widgets",
            "homepage": "http://www.frenzel.net/",
            "keywords": [
                "framework",
                "yii",
                "yii2 elfinder filemaneger"
            ],
            "time": "2013-06-23 17:27:59"
        },
        {
            "name": "philippfrenzel/yii2wikiparser",
            "version": "dev-master",
            "source": {
                "type": "git",
                "url": "https://github.com/philippfrenzel/yii2wikiparser.git",
                "reference": "962aadf783b65ea510e7e4a5fcea408c3ec90343"
            },
            "dist": {
                "type": "zip",
                "url": "https://api.github.com/repos/philippfrenzel/yii2wikiparser/zipball/962aadf783b65ea510e7e4a5fcea408c3ec90343",
                "reference": "962aadf783b65ea510e7e4a5fcea408c3ec90343",
                "shasum": ""
            },
            "require": {
                "yiisoft/yii2": "*"
            },
            "type": "library",
            "autoload": {
                "psr-0": {
                    "yii2wikiparser\\": "/"
                }
            },
            "notification-url": "https://packagist.org/downloads/",
            "license": [
                "BSD-3-Clause"
            ],
            "authors": [
                {
                    "name": "Philipp Frenzel",
                    "email": "philipp@frenzel.net",
                    "homepage": "http://www.frenzel.net/",
                    "role": "Author Version Yii2"
                }
            ],
            "description": "Yii2 Creole Syntax Parser",
            "homepage": "http://www.frenzel.net/",
            "keywords": [
                "extension",
                "wiki",
                "yii",
                "yii2"
            ],
            "time": "2013-06-15 13:49:40"
        },
        {
            "name": "philippfrenzel/yiidhtmlx",
            "version": "dev-master",
            "source": {
                "type": "git",
                "url": "https://github.com/philippfrenzel/yiidhtmlx.git",
                "reference": "b303048301b61c265c9e39f20d79d46d9fd16873"
            },
            "dist": {
                "type": "zip",
                "url": "https://api.github.com/repos/philippfrenzel/yiidhtmlx/zipball/b303048301b61c265c9e39f20d79d46d9fd16873",
                "reference": "b303048301b61c265c9e39f20d79d46d9fd16873",
                "shasum": ""
            },
            "require": {
                "yiisoft/yii2": "*"
            },
            "type": "library",
            "autoload": {
                "psr-0": {
                    "yiidhtmlx\\": "/"
                }
            },
            "notification-url": "https://packagist.org/downloads/",
            "license": [
                "BSD-3-Clause"
            ],
            "authors": [
                {
                    "name": "Philipp Frenzel",
                    "email": "philipp@frenzel.net",
                    "homepage": "http://www.frenzel.net/",
                    "role": "Author Version Yii2"
                }
            ],
            "description": "Yii2 DHTMLX Widgets",
            "homepage": "http://www.frenzel.net/",
            "keywords": [
                "dhtmlx",
                "framework",
                "yii"
            ],
            "time": "2013-06-27 10:37:53"
        },
        {
            "name": "philippfrenzel/yiijquerytoc",
            "version": "dev-master",
            "source": {
                "type": "git",
                "url": "https://github.com/philippfrenzel/yiijquerytoc.git",
                "reference": "213e833c0701a4585ecdafdac20007ab9010e901"
            },
            "dist": {
                "type": "zip",
                "url": "https://api.github.com/repos/philippfrenzel/yiijquerytoc/zipball/213e833c0701a4585ecdafdac20007ab9010e901",
                "reference": "213e833c0701a4585ecdafdac20007ab9010e901",
                "shasum": ""
            },
            "require": {
                "yiisoft/yii2": "*"
            },
            "type": "library",
            "autoload": {
                "psr-0": {
                    "yiijquerytoc\\": "/"
                }
            },
            "notification-url": "https://packagist.org/downloads/",
            "license": [
                "BSD-3-Clause"
            ],
            "authors": [
                {
                    "name": "Philipp Frenzel",
                    "email": "philipp@frenzel.net",
                    "homepage": "http://www.frenzel.net/",
                    "role": "Author Version Yii2"
                }
            ],
            "description": "Yii2 JQueryTOC",
            "homepage": "http://www.frenzel.net/",
            "keywords": [
                "TOC",
                "framework",
                "jquery",
                "yii"
            ],
            "time": "2013-06-15 17:08:11"
        },
        {
            "name": "philippfrenzel/yiimetroui",
            "version": "dev-development",
            "source": {
                "type": "git",
                "url": "https://github.com/philippfrenzel/yiimetroui.git",
                "reference": "31e642ceb6b5e3db060aabdaaa94680e12c2a6e7"
            },
            "dist": {
                "type": "zip",
                "url": "https://api.github.com/repos/philippfrenzel/yiimetroui/zipball/31e642ceb6b5e3db060aabdaaa94680e12c2a6e7",
                "reference": "31e642ceb6b5e3db060aabdaaa94680e12c2a6e7",
                "shasum": ""
            },
            "require": {
                "yiisoft/yii2": "*"
            },
            "type": "library",
            "autoload": {
                "psr-0": {
                    "yiimetroui\\": "/"
                }
            },
            "notification-url": "https://packagist.org/downloads/",
            "license": [
                "BSD-3-Clause"
            ],
            "authors": [
                {
                    "name": "Philipp Frenzel",
                    "email": "philipp@frenzel.net",
                    "homepage": "http://www.frenzel.net/",
                    "role": "Author Version Yii2"
                }
            ],
            "description": "Yii2 MetroUI Widget Extension",
            "homepage": "http://www.frenzel.net/",
            "keywords": [
                "extension",
                "metroui",
                "yii",
                "yii2"
            ],
            "time": "2013-05-29 19:06:13"
        },
        {
            "name": "philippfrenzel/yiiwymeditor",
            "version": "dev-master",
            "source": {
                "type": "git",
                "url": "https://github.com/philippfrenzel/yiiwymeditor.git",
                "reference": "af4ae1444a14487e06904bb386a87ee6da597ee2"
            },
            "dist": {
                "type": "zip",
                "url": "https://api.github.com/repos/philippfrenzel/yiiwymeditor/zipball/af4ae1444a14487e06904bb386a87ee6da597ee2",
                "reference": "af4ae1444a14487e06904bb386a87ee6da597ee2",
                "shasum": ""
            },
            "require": {
                "yiisoft/yii2": "*"
            },
            "type": "library",
            "autoload": {
                "psr-0": {
                    "yiiwymeditor\\": "/"
                }
            },
            "notification-url": "https://packagist.org/downloads/",
            "license": [
                "BSD-3-Clause"
            ],
            "authors": [
                {
                    "name": "Philipp Frenzel",
                    "email": "philipp@frenzel.net",
                    "homepage": "http://www.frenzel.net/",
                    "role": "Author Version Yii2"
                }
            ],
            "description": "Yii2 DHTMLX Widgets",
            "homepage": "http://www.frenzel.net/",
            "keywords": [
                "framework",
                "wymeditor",
                "yii"
            ],
            "time": "2013-06-26 14:38:41"
        },
        {
            "name": "php-google-maps/php-google-maps",
            "version": "dev-master",
            "target-dir": "PHPGoogleMaps",
            "source": {
                "type": "git",
                "url": "https://github.com/galen/PHPGoogleMaps.git",
                "reference": "cac01bd9ae78aedc41676a7d989ea880314601db"
            },
            "dist": {
                "type": "zip",
                "url": "https://api.github.com/repos/galen/PHPGoogleMaps/zipball/cac01bd9ae78aedc41676a7d989ea880314601db",
                "reference": "cac01bd9ae78aedc41676a7d989ea880314601db",
                "shasum": ""
            },
            "require": {
                "php": ">=5.3.0"
            },
            "type": "library",
            "autoload": {
                "psr-0": {
                    "PHPGoogleMaps": ""
                }
            },
            "notification-url": "https://packagist.org/downloads/",
            "license": [
                "MIT"
            ],
            "authors": [
                {
                    "name": "Galen Grover",
                    "email": "galenjr@gmail.com",
                    "homepage": "http://www.galengrover.com",
                    "role": "Developer"
                }
            ],
            "description": "PHP Google Maps API for PHP 5.3+",
            "homepage": "https://github.com/galen/PHPGoogleMaps",
            "keywords": [
                "google",
                "google maps",
                "google-maps",
                "map",
                "maps"
            ],
            "time": "2013-03-09 05:11:12"
        },
        {
            "name": "phpexcel/phpexcel",
            "version": "dev-master",
            "source": {
                "type": "git",
                "url": "https://github.com/ddeboer/phpexcel.git",
                "reference": "v1.7.7"
            },
            "dist": {
                "type": "zip",
                "url": "https://api.github.com/repos/ddeboer/phpexcel/zipball/v1.7.7",
                "reference": "v1.7.7",
                "shasum": ""
            },
            "require": {
                "php": ">5.2.0"
            },
            "type": "library",
            "autoload": {
                "psr-0": {
                    "PHPExcel": "Classes"
                }
            },
            "notification-url": "https://packagist.org/downloads/",
            "license": [
                "GNU"
            ],
            "description": "PHPExcel - OpenXML - Create Excel2007 documents in PHP - Spreadsheet engine",
            "homepage": "http://phpexcel.codeplex.com",
            "keywords": [
                "excel",
                "xls"
            ],
            "time": "2012-09-04 18:29:37"
        },
        {
            "name": "phpmailer/phpmailer",
            "version": "dev-master",
            "source": {
                "type": "git",
                "url": "https://github.com/PHPMailer/PHPMailer.git",
                "reference": "c5e9f7873f6ed025dfc50ce481766287cfc3f18d"
            },
            "dist": {
                "type": "zip",
                "url": "https://api.github.com/repos/PHPMailer/PHPMailer/zipball/c5e9f7873f6ed025dfc50ce481766287cfc3f18d",
                "reference": "c5e9f7873f6ed025dfc50ce481766287cfc3f18d",
                "shasum": ""
            },
            "require": {
                "php": ">=5.0.0"
            },
            "require-dev": {
                "phpdocumentor/phpdocumentor": "*",
                "phpunit/phpunit": "*"
            },
            "type": "library",
            "autoload": {
                "classmap": [
                    "class.phpmailer.php",
                    "class.pop3.php",
                    "class.smtp.php"
                ]
            },
            "notification-url": "https://packagist.org/downloads/",
            "license": [
                "LGPL-2.1"
            ],
            "authors": [
                {
                    "name": "Jim Jagielski",
                    "email": "jimjag@gmail.com"
                },
                {
                    "name": "Marcus Bointon",
                    "email": "phpmailer@synchromedia.co.uk"
                },
                {
                    "name": "Andy Prevost",
                    "email": "codeworxtech@users.sourceforge.net"
                },
                {
                    "name": "Brent R. Matzelle"
                }
            ],
            "description": "PHPMailer is a full-featured email creation and transfer class for PHP",
            "time": "2013-07-01 07:31:45"
        },
        {
            "name": "phpword/phpword",
            "version": "dev-master",
            "source": {
                "type": "git",
                "url": "https://bitbucket.org/kkula/phpword.git",
                "reference": "4ba9cb7f65618ec6990ecefa5edc6a992db04429"
            },
            "dist": {
                "type": "zip",
                "url": "https://bitbucket.org/kkula/phpword/get/4ba9cb7f65618ec6990ecefa5edc6a992db04429.zip",
                "reference": "4ba9cb7f65618ec6990ecefa5edc6a992db04429",
                "shasum": ""
            },
            "require": {
                "php": ">5.2.0"
            },
            "type": "library",
            "autoload": {
                "psr-0": {
                    "PHPWord": "Library"
                }
            },
            "notification-url": "https://packagist.org/downloads/",
            "license": [
                "GNU"
            ],
            "description": "PHPWord is a library written in PHP that create word documents.",
            "homepage": "http://phpword.codeplex.com",
            "keywords": [
                "doc",
                "docx",
                "word"
            ],
            "time": "2012-12-25 21:55:12"
        },
        {
            "name": "sebastian/diff",
            "version": "dev-master",
            "source": {
                "type": "git",
                "url": "https://github.com/sebastianbergmann/diff.git",
                "reference": "222e1939856808fe4d02ec856a08721858d0217b"
            },
            "dist": {
                "type": "zip",
                "url": "https://api.github.com/repos/sebastianbergmann/diff/zipball/222e1939856808fe4d02ec856a08721858d0217b",
                "reference": "222e1939856808fe4d02ec856a08721858d0217b",
                "shasum": ""
            },
            "require": {
                "php": ">=5.3.3"
            },
            "type": "library",
            "extra": {
                "branch-alias": {
                    "dev-master": "1.0.x-dev"
                }
            },
            "autoload": {
                "classmap": [
                    "src/"
                ]
            },
            "notification-url": "https://packagist.org/downloads/",
            "license": [
                "BSD-3-Clause"
            ],
            "authors": [
                {
                    "name": "Sebastian Bergmann",
                    "email": "sebastian@phpunit.de",
                    "role": "lead"
                },
                {
                    "name": "Kore Nordmann",
                    "email": "mail@kore-nordmann.de"
                }
            ],
            "description": "Diff implementation",
            "homepage": "http://www.github.com/sebastianbergmann/diff",
            "keywords": [
                "diff"
            ],
            "time": "2013-05-23 05:55:40"
        },
        {
            "name": "yiiext/assetparser",
            "version": "1.0.8",
            "source": {
                "type": "git",
                "url": "https://github.com/athos99/assetparser.git",
                "reference": "master"
            },
            "require": {
                "php": ">=5.2.0"
            },
            "type": "library",
            "authors": [
                {
                    "name": "Michel Bobilier",
                    "homepage": "https://github.com/athos99"
                }
            ]
        },
        {
            "name": "yiisoft/yii2",
            "version": "dev-master",
            "source": {
                "type": "git",
                "url": "https://github.com/yiisoft/yii2-framework.git",
                "reference": "aa007b8b85bd40494ff393e004d60157c3514ddc"
            },
            "dist": {
                "type": "zip",
                "url": "https://api.github.com/repos/yiisoft/yii2-framework/zipball/aa007b8b85bd40494ff393e004d60157c3514ddc",
                "reference": "aa007b8b85bd40494ff393e004d60157c3514ddc",
                "shasum": ""
            },
            "require": {
                "ext-mbstring": "*",
                "lib-pcre": "*",
                "php": ">=5.3.7"
            },
            "suggest": {
                "ezyang/htmlpurifier": "Required by HtmlPurifier.",
                "michelf/php-markdown": "Required by Markdown.",
                "smarty/smarty": "Required by SmartyViewRenderer.",
                "twig/twig": "Required by TwigViewRenderer."
            },
            "type": "library",
            "autoload": {
                "psr-0": {
                    "yii\\": "/"
                }
            },
            "notification-url": "https://packagist.org/downloads/",
            "license": [
                "BSD-3-Clause"
            ],
            "authors": [
                {
                    "name": "Qiang Xue",
                    "email": "qiang.xue@gmail.com",
                    "homepage": "http://www.yiiframework.com/",
                    "role": "Founder and project lead"
                },
                {
                    "name": "Alexander Makarov",
                    "email": "sam@rmcreative.ru",
                    "homepage": "http://rmcreative.ru/",
                    "role": "Core framework development"
                },
                {
                    "name": "Maurizio Domba",
                    "homepage": "http://mdomba.info/",
                    "role": "Core framework development"
                },
                {
                    "name": "Carsten Brandt",
                    "email": "mail@cebe.cc",
                    "homepage": "http://cebe.cc/",
                    "role": "Core framework development"
                },
                {
                    "name": "Wei Zhuo",
                    "email": "weizhuo@gmail.com",
                    "role": "Project site maintenance and development"
                },
                {
                    "name": "Sebastián Thierer",
                    "email": "sebas@artfos.com",
                    "role": "Component development"
                },
                {
                    "name": "Jeffrey Winesett",
                    "email": "jefftulsa@gmail.com",
                    "role": "Documentation and marketing"
                },
                {
                    "name": "Timur Ruziev",
                    "email": "resurtm@gmail.com",
                    "homepage": "http://resurtm.com/",
                    "role": "Core framework development"
                },
                {
                    "name": "Paul Klimov",
                    "email": "klimov.paul@gmail.com",
                    "role": "Core framework development"
                }
            ],
            "description": "Yii2 Web Programming Framework",
            "homepage": "http://www.yiiframework.com/",
            "keywords": [
                "framework",
                "yii"
            ],
            "time": "2013-07-04 01:07:44"
        },
        {
            "name": "yiisoft/yii2-composer",
            "version": "dev-master",
            "source": {
                "type": "git",
                "url": "https://github.com/yiisoft/yii2-composer.git",
                "reference": "660ef5a4ea6945e6b754d009f6029b110ab4797d"
            },
            "dist": {
                "type": "zip",
                "url": "https://api.github.com/repos/yiisoft/yii2-composer/zipball/660ef5a4ea6945e6b754d009f6029b110ab4797d",
                "reference": "660ef5a4ea6945e6b754d009f6029b110ab4797d",
                "shasum": ""
            },
            "require": {
                "yiisoft/yii2": "*"
            },
            "type": "library",
            "autoload": {
                "psr-0": {
                    "yii\\composer": ""
                }
            },
            "notification-url": "https://packagist.org/downloads/",
            "license": [
                "BSD-3-Clause"
            ],
            "authors": [
                {
                    "name": "Qiang Xue",
                    "email": "qiang.xue@gmail.com",
                    "homepage": "http://www.yiiframework.com/",
                    "role": "Founder and project lead"
                }
            ],
            "description": "The composer integration for the Yii framework",
            "keywords": [
                "composer",
                "install",
                "update",
                "yii"
            ],
            "time": "2013-06-06 11:51:55"
        }
    ],
    "packages-dev": [

    ],
    "aliases": [

    ],
    "minimum-stability": "dev",
    "stability-flags": {
        "yiisoft/yii2": 20,
        "yiisoft/yii2-composer": 20,
        "sebastian/diff": 20,
        "philippfrenzel/yii2wikiparser": 20,
        "philippfrenzel/yiidhtmlx": 20,
        "philippfrenzel/yiimetroui": 20,
        "philippfrenzel/yiijquerytoc": 20,
        "philippfrenzel/yiiwymeditor": 20,
        "philippfrenzel/yii2elfinder": 20,
        "phpmailer/phpmailer": 20,
        "anthonymartin/geo-location": 20,
        "php-google-maps/php-google-maps": 20
    },
    "platform": [

    ],
    "platform-dev": [

    ]
}
